<?xml version="1.0" encoding="utf-8"?>
<Project ToolsVersion="4.0" xmlns="http://schemas.microsoft.com/developer/msbuild/2003">
  <ItemGroup>
    <Filter Include="소스 파일">
      <UniqueIdentifier>{4FC737F1-C7A5-4376-A066-2A32D752A2FF}</UniqueIdentifier>
      <Extensions>cpp;c;cc;cxx;c++;cppm;ixx;def;odl;idl;hpj;bat;asm;asmx</Extensions>
    </Filter>
    <Filter Include="헤더 파일">
      <UniqueIdentifier>{93995380-89BD-4b04-88EB-625FBE52EBFB}</UniqueIdentifier>
      <Extensions>h;hh;hpp;hxx;h++;hm;inl;inc;ipp;xsd</Extensions>
    </Filter>
    <Filter Include="리소스 파일">
      <UniqueIdentifier>{67DA6AB6-F800-4c08-8B7A-83BB121AAD01}</UniqueIdentifier>
      <Extensions>rc;ico;cur;bmp;dlg;rc2;rct;bin;rgs;gif;jpg;jpeg;jpe;resx;tiff;tif;png;wav;mfcribbon-ms</Extensions>
    </Filter>
    <Filter Include="소스 파일\Recursive">
      <UniqueIdentifier>{c88270c2-5bc9-4337-98d1-ac382e360009}</UniqueIdentifier>
    </Filter>
    <Filter Include="소스 파일\LinkedList">
      <UniqueIdentifier>{403b1ef2-ea48-4dab-a143-c202ab7cb1d9}</UniqueIdentifier>
    </Filter>
    <Filter Include="소스 파일\ProjectFile">
      <UniqueIdentifier>{6226a812-4518-4b43-97b8-17bd20c06196}</UniqueIdentifier>
    </Filter>
  </ItemGroup>
  <ItemGroup>
    <ClCompile Include="0913_1Recursion.cpp">
      <Filter>소스 파일\Recursive</Filter>
    </ClCompile>
    <ClCompile Include="0913_2Recursive.cpp">
      <Filter>소스 파일\Recursive</Filter>
    </ClCompile>
    <ClCompile Include="0915_1FibonacciSequence.cpp">
      <Filter>소스 파일\Recursive</Filter>
    </ClCompile>
    <ClCompile Include="0915_2FibonacciSequence.cpp">
      <Filter>소스 파일\Recursive</Filter>
    </ClCompile>
    <ClCompile Include="0919_1BinarySearch.cpp">
      <Filter>소스 파일\Recursive</Filter>
    </ClCompile>
    <ClCompile Include="0920_1TheTowerOfHanoi.cpp">
      <Filter>소스 파일\Recursive</Filter>
    </ClCompile>
    <ClCompile Include="0921_1ADT.cpp">
      <Filter>소스 파일\LinkedList</Filter>
    </ClCompile>
    <ClCompile Include="0922_1ListMain.cpp">
      <Filter>소스 파일\LinkedList</Filter>
    </ClCompile>
    <ClCompile Include="..\..\..\..\Desktop\Data_Structure_Src\Ch03\ArrayList\ListMain.c">
      <Filter>소스 파일\ProjectFile</Filter>
    </ClCompile>
    <ClCompile Include="..\..\..\..\Desktop\Data_Structure_Src\Ch03\ArrayList\ArrayList.c">
      <Filter>소스 파일\ProjectFile</Filter>
    </ClCompile>
  </ItemGroup>
  <ItemGroup>
    <ClInclude Include="..\..\..\..\Desktop\Data_Structure_Src\Ch03\ArrayList\ArrayList.h">
      <Filter>헤더 파일</Filter>
    </ClInclude>
  </ItemGroup>
</Project>